
Microsoft Visual Studio Solution File, Format Version 12.00
# Visual Studio 15
VisualStudioVersion = 15.0.27428.2037
MinimumVisualStudioVersion = 10.0.40219.1
Project("{FAE04EC0-301F-11D3-BF4B-00C04F79EFBC}") = "Static_Class_ve_Methodlar", "Static_Class_ve_Methodlar\Static_Class_ve_Methodlar.csproj", "{890CED80-1A8E-41FE-91EE-D1C89B1403F8}"
EndProject
Global
	GlobalSection(SolutionConfigurationPlatforms) = preSolution
		Debug|Any CPU = Debug|Any CPU
		Release|Any CPU = Release|Any CPU
	EndGlobalSection
	GlobalSection(ProjectConfigurationPlatforms) = postSolution
		{890CED80-1A8E-41FE-91EE-D1C89B1403F8}.Debug|Any CPU.ActiveCfg = Debug|Any CPU
		{890CED80-1A8E-41FE-91EE-D1C89B1403F8}.Debug|Any CPU.Build.0 = Debug|Any CPU
		{890CED80-1A8E-41FE-91EE-D1C89B1403F8}.Release|Any CPU.ActiveCfg = Release|Any CPU
		{890CED80-1A8E-41FE-91EE-D1C89B1403F8}.Release|Any CPU.Build.0 = Release|Any CPU
	EndGlobalSection
	GlobalSection(SolutionProperties) = preSolution
		HideSolutionNode = FALSE
	EndGlobalSection
	GlobalSection(ExtensibilityGlobals) = postSolution
		SolutionGuid = {8EA85C87-C686-43A9-991D-64F1806E6C13}
	EndGlobalSection
EndGlobal
